// !$*UTF8*$!
{
	archiveVersion = 1;
	classes = {
	};
	objectVersion = 50;
	objects = {

/* Begin PBXBuildFile section */
		222DEEB4238FE3AC00CFCC75 /* AppDelegate.swift in Sources */ = {isa = PBXBuildFile; fileRef = 222DEEB3238FE3AC00CFCC75 /* AppDelegate.swift */; };
		222DEEB6238FE3AC00CFCC75 /* GameScene.sks in Resources */ = {isa = PBXBuildFile; fileRef = 222DEEB5238FE3AC00CFCC75 /* GameScene.sks */; };
		222DEEB8238FE3AC00CFCC75 /* Actions.sks in Resources */ = {isa = PBXBuildFile; fileRef = 222DEEB7238FE3AC00CFCC75 /* Actions.sks */; };
		222DEEBA238FE3AC00CFCC75 /* GameScene.swift in Sources */ = {isa = PBXBuildFile; fileRef = 222DEEB9238FE3AC00CFCC75 /* GameScene.swift */; };
		222DEEBC238FE3AC00CFCC75 /* GameViewController.swift in Sources */ = {isa = PBXBuildFile; fileRef = 222DEEBB238FE3AC00CFCC75 /* GameViewController.swift */; };
		222DEEBF238FE3AC00CFCC75 /* Main.storyboard in Resources */ = {isa = PBXBuildFile; fileRef = 222DEEBD238FE3AC00CFCC75 /* Main.storyboard */; };
		222DEEC1238FE3AF00CFCC75 /* Assets.xcassets in Resources */ = {isa = PBXBuildFile; fileRef = 222DEEC0238FE3AF00CFCC75 /* Assets.xcassets */; };
		222DEEC4238FE3AF00CFCC75 /* LaunchScreen.storyboard in Resources */ = {isa = PBXBuildFile; fileRef = 222DEEC2238FE3AF00CFCC75 /* LaunchScreen.storyboard */; };
		222DEECC23952CCD00CFCC75 /* MenuVC.swift in Sources */ = {isa = PBXBuildFile; fileRef = 222DEECB23952CCD00CFCC75 /* MenuVC.swift */; };
/* End PBXBuildFile section */

/* Begin PBXFileReference section */
		222DEEB0238FE3AC00CFCC75 /* Pong.app */ = {isa = PBXFileReference; explicitFileType = wrapper.application; includeInIndex = 0; path = Pong.app; sourceTree = BUILT_PRODUCTS_DIR; };
		222DEEB3238FE3AC00CFCC75 /* AppDelegate.swift */ = {isa = PBXFileReference; lastKnownFileType = sourcecode.swift; path = AppDelegate.swift; sourceTree = "<group>"; };
		222DEEB5238FE3AC00CFCC75 /* GameScene.sks */ = {isa = PBXFileReference; lastKnownFileType = file.sks; path = GameScene.sks; sourceTree = "<group>"; };
		222DEEB7238FE3AC00CFCC75 /* Actions.sks */ = {isa = PBXFileReference; lastKnownFileType = file.sks; path = Actions.sks; sourceTree = "<group>"; };
		222DEEB9238FE3AC00CFCC75 /* GameScene.swift */ = {isa = PBXFileReference; lastKnownFileType = sourcecode.swift; path = GameScene.swift; sourceTree = "<group>"; };
		222DEEBB238FE3AC00CFCC75 /* GameViewController.swift */ = {isa = PBXFileReference; lastKnownFileType = sourcecode.swift; path = GameViewController.swift; sourceTree = "<group>"; };
		222DEEBE238FE3AC00CFCC75 /* Base */ = {isa = PBXFileReference; lastKnownFileType = file.storyboard; name = Base; path = Base.lproj/Main.storyboard; sourceTree = "<group>"; };
		222DEEC0238FE3AF00CFCC75 /* Assets.xcassets */ = {isa = PBXFileReference; lastKnownFileType = folder.assetcatalog; path = Assets.xcassets; sourceTree = "<group>"; };
		222DEEC3238FE3AF00CFCC75 /* Base */ = {isa = PBXFileReference; lastKnownFileType = file.storyboard; name = Base; path = Base.lproj/LaunchScreen.storyboard; sourceTree = "<group>"; };
		222DEEC5238FE3AF00CFCC75 /* Info.plist */ = {isa = PBXFileReference; lastKnownFileType = text.plist.xml; path = Info.plist; sourceTree = "<group>"; };
		222DEECB23952CCD00CFCC75 /* MenuVC.swift */ = {isa = PBXFileReference; lastKnownFileType = sourcecode.swift; path = MenuVC.swift; sourceTree = "<group>"; };
/* End PBXFileReference section */

/* Begin PBXFrameworksBuildPhase section */
		222DEEAD238FE3AC00CFCC75 /* Frameworks */ = {
			isa = PBXFrameworksBuildPhase;
			buildActionMask = 2147483647;
			files = (
			);
			runOnlyForDeploymentPostprocessing = 0;
		};
/* End PBXFrameworksBuildPhase section */

/* Begin PBXGroup section */
		222DEEA7238FE3AC00CFCC75 = {
			isa = PBXGroup;
			children = (
				222DEEB2238FE3AC00CFCC75 /* Pong */,
				222DEEB1238FE3AC00CFCC75 /* Products */,
			);
			sourceTree = "<group>";
		};
		222DEEB1238FE3AC00CFCC75 /* Products */ = {
			isa = PBXGroup;
			children = (
				222DEEB0238FE3AC00CFCC75 /* Pong.app */,
			);
			name = Products;
			sourceTree = "<group>";
		};
		222DEEB2238FE3AC00CFCC75 /* Pong */ = {
			isa = PBXGroup;
			children = (
				222DEEB3238FE3AC00CFCC75 /* AppDelegate.swift */,
				222DEEB5238FE3AC00CFCC75 /* GameScene.sks */,
				222DEEB7238FE3AC00CFCC75 /* Actions.sks */,
				222DEEB9238FE3AC00CFCC75 /* GameScene.swift */,
				222DEEBB238FE3AC00CFCC75 /* GameViewController.swift */,
				222DEEBD238FE3AC00CFCC75 /* Main.storyboard */,
				222DEECB23952CCD00CFCC75 /* MenuVC.swift */,
				222DEEC0238FE3AF00CFCC75 /* Assets.xcassets */,
				222DEEC2238FE3AF00CFCC75 /* LaunchScreen.storyboard */,
				222DEEC5238FE3AF00CFCC75 /* Info.plist */,
			);
			path = Pong;
			sourceTree = "<group>";
		};
/* End PBXGroup section */

/* Begin PBXNativeTarget section */
		222DEEAF238FE3AC00CFCC75 /* Pong */ = {
			isa = PBXNativeTarget;
			buildConfigurationList = 222DEEC8238FE3AF00CFCC75 /* Build configuration list for PBXNativeTarget "Pong" */;
			buildPhases = (
				222DEEAC238FE3AC00CFCC75 /* Sources */,
				222DEEAD238FE3AC00CFCC75 /* Frameworks */,
				222DEEAE238FE3AC00CFCC75 /* Resources */,
			);
			buildRules = (
			);
			dependencies = (
			);
			name = Pong;
			productName = Pong;
			productReference = 222DEEB0238FE3AC00CFCC75 /* Pong.app */;
			productType = "com.apple.product-type.application";
		};
/* End PBXNativeTarget section */

/* Begin PBXProject section */
		222DEEA8238FE3AC00CFCC75 /* Project object */ = {
			isa = PBXProject;
			attributes = {
				LastSwiftUpdateCheck = 1120;
				LastUpgradeCheck = 1120;
				ORGANIZATIONNAME = "Shaikh Industries";
				TargetAttributes = {
					222DEEAF238FE3AC00CFCC75 = {
						CreatedOnToolsVersion = 11.2.1;
					};
				};
			};
			buildConfigurationList = 222DEEAB238FE3AC00CFCC75 /* Build configuration list for PBXProject "Pong" */;
			compatibilityVersion = "Xcode 9.3";
			developmentRegion = en;
			hasScannedForEncodings = 0;
			knownRegions = (
				en,
				Base,
			);
			mainGroup = 222DEEA7238FE3AC00CFCC75;
			productRefGroup = 222DEEB1238FE3AC00CFCC75 /* Products */;
			projectDirPath = "";
			projectRoot = "";
			targets = (
				222DEEAF238FE3AC00CFCC75 /* Pong */,
			);
		};
/* End PBXProject section */

/* Begin PBXResourcesBuildPhase section */
		222DEEAE238FE3AC00CFCC75 /* Resources */ = {
			isa = PBXResourcesBuildPhase;
			buildActionMask = 2147483647;
			files = (
				222DEEBF238FE3AC00CFCC75 /* Main.storyboard in Resources */,
				222DEEB6238FE3AC00CFCC75 /* GameScene.sks in Resources */,
				222DEEC1238FE3AF00CFCC75 /* Assets.xcassets in Resources */,
				222DEEC4238FE3AF00CFCC75 /* LaunchScreen.storyboard in Resources */,
				222DEEB8238FE3AC00CFCC75 /* Actions.sks in Resources */,
			);
			runOnlyForDeploymentPostprocessing = 0;
		};
/* End PBXResourcesBuildPhase section */

/* Begin PBXSourcesBuildPhase section */
		222DEEAC238FE3AC00CFCC75 /* Sources */ = {
			isa = PBXSourcesBuildPhase;
			buildActionMask = 2147483647;
			files = (
				222DEEBA238FE3AC00CFCC75 /* GameScene.swift in Sources */,
				222DEECC23952CCD00CFCC75 /* MenuVC.swift in Sources */,
				222DEEBC238FE3AC00CFCC75 /* GameViewController.swift in Sources */,
				222DEEB4238FE3AC00CFCC75 /* AppDelegate.swift in Sources */,
			);
			runOnlyForDeploymentPostprocessing = 0;
		};
/* End PBXSourcesBuildPhase section */

/* Begin PBXVariantGroup section */
		222DEEBD238FE3AC00CFCC75 /* Main.storyboard */ = {
			isa = PBXVariantGroup;
			children = (
				222DEEBE238FE3AC00CFCC75 /* Base */,
			);
			name = Main.storyboard;
			sourceTree = "<group>";
		};
		222DEEC2238FE3AF00CFCC75 /* LaunchScreen.storyboard */ = {
			isa = PBXVariantGroup;
			children = (
				222DEEC3238FE3AF00CFCC75 /* Base */,
			);
			name = LaunchScreen.storyboard;
			sourceTree = "<group>";
		};
/* End PBXVariantGroup section */

/* Begin XCBuildConfiguration section */
		222DEEC6238FE3AF00CFCC75 /* Debug */ = {
			isa = XCBuildConfiguration;
			buildSettings = {
				ALWAYS_SEARCH_USER_PATHS = NO;
				CLANG_ANALYZER_NONNULL = YES;
				CLANG_ANALYZER_NUMBER_OBJECT_CONVERSION = YES_AGGRESSIVE;
				CLANG_CXX_LANGUAGE_STANDARD = "gnu++14";
				CLANG_CXX_LIBRARY = "libc++";
				CLANG_ENABLE_MODULES = YES;
				CLANG_ENABLE_OBJC_ARC = YES;
				CLANG_ENABLE_OBJC_WEAK = YES;
				CLANG_WARN_BLOCK_CAPTURE_AUTORELEASING = YES;
				CLANG_WARN_BOOL_CONVERSION = YES;
				CLANG_WARN_COMMA = YES;
				CLANG_WARN_CONSTANT_CONVERSION = YES;
				CLANG_WARN_DEPRECATED_OBJC_IMPLEMENTATIONS = YES;
				CLANG_WARN_DIRECT_OBJC_ISA_USAGE = YES_ERROR;
				CLANG_WARN_DOCUMENTATION_COMMENTS = YES;
				CLANG_WARN_EMPTY_BODY = YES;
				CLANG_WARN_ENUM_CONVERSION = YES;
				CLANG_WARN_INFINITE_RECURSION = YES;
				CLANG_WARN_INT_CONVERSION = YES;
				CLANG_WARN_NON_LITERAL_NULL_CONVERSION = YES;
				CLANG_WARN_OBJC_IMPLICIT_RETAIN_SELF = YES;
				CLANG_WARN_OBJC_LITERAL_CONVERSION = YES;
				CLANG_WARN_OBJC_ROOT_CLASS = YES_ERROR;
				CLANG_WARN_RANGE_LOOP_ANALYSIS = YES;
				CLANG_WARN_STRICT_PROTOTYPES = YES;
				CLANG_WARN_SUSPICIOUS_MOVE = YES;
				CLANG_WARN_UNGUARDED_AVAILABILITY = YES_AGGRESSIVE;
				CLANG_WARN_UNREACHABLE_CODE = YES;
				CLANG_WARN__DUPLICATE_METHOD_MATCH = YES;
				COPY_PHASE_STRIP = NO;
				DEBUG_INFORMATION_FORMAT = dwarf;
				ENABLE_STRICT_OBJC_MSGSEND = YES;
				ENABLE_TESTABILITY = YES;
				GCC_C_LANGUAGE_STANDARD = gnu11;
				GCC_DYNAMIC_NO_PIC = NO;
				GCC_NO_COMMON_BLOCKS = YES;
				GCC_OPTIMIZATION_LEVEL = 0;
				GCC_PREPROCESSOR_DEFINITIONS = (
					"DEBUG=1",
					"$(inherited)",
				);
				GCC_WARN_64_TO_32_BIT_CONVERSION = YES;
				GCC_WARN_ABOUT_RETURN_TYPE = YES_ERROR;
				GCC_WARN_UNDECLARED_SELECTOR = YES;
				GCC_WARN_UNINITIALIZED_AUTOS = YES_AGGRESSIVE;
				GCC_WARN_UNUSED_FUNCTION = YES;
				GCC_WARN_UNUSED_VARIABLE = YES;
				IPHONEOS_DEPLOYMENT_TARGET = 13.2;
				MTL_ENABLE_DEBUG_INFO = INCLUDE_SOURCE;
				MTL_FAST_MATH = YES;
				ONLY_ACTIVE_ARCH = YES;
				SDKROOT = iphoneos;
				SWIFT_ACTIVE_COMPILATION_CONDITIONS = DEBUG;
				SWIFT_OPTIMIZATION_LEVEL = "-Onone";
			};
			name = Debug;
		};
		222DEEC7238FE3AF00CFCC75 /* Release */ = {
			isa = XCBuildConfiguration;
			buildSettings = {
				ALWAYS_SEARCH_USER_PATHS = NO;
				CLANG_ANALYZER_NONNULL = YES;
				CLANG_ANALYZER_NUMBER_OBJECT_CONVERSION = YES_AGGRESSIVE;
				CLANG_CXX_LANGUAGE_STANDARD = "gnu++14";
				CLANG_CXX_LIBRARY = "libc++";
				CLANG_ENABLE_MODULES = YES;
				CLANG_ENABLE_OBJC_ARC = YES;
				CLANG_ENABLE_OBJC_WEAK = YES;
				CLANG_WARN_BLOCK_CAPTURE_AUTORELEASING = YES;
				CLANG_WARN_BOOL_CONVERSION = YES;
				CLANG_WARN_COMMA = YES;
				CLANG_WARN_CONSTANT_CONVERSION = YES;
				CLANG_WARN_DEPRECATED_OBJC_IMPLEMENTATIONS = YES;
				CLANG_WARN_DIRECT_OBJC_ISA_USAGE = YES_ERROR;
				CLANG_WARN_DOCUMENTATION_COMMENTS = YES;
				CLANG_WARN_EMPTY_BODY = YES;
				CLANG_WARN_ENUM_CONVERSION = YES;
				CLANG_WARN_INFINITE_RECURSION = YES;
				CLANG_WARN_INT_CONVERSION = YES;
				CLANG_WARN_NON_LITERAL_NULL_CONVERSION = YES;
				CLANG_WARN_OBJC_IMPLICIT_RETAIN_SELF = YES;
				CLANG_WARN_OBJC_LITERAL_CONVERSION = YES;
				CLANG_WARN_OBJC_ROOT_CLASS = YES_ERROR;
				CLANG_WARN_RANGE_LOOP_ANALYSIS = YES;
				CLANG_WARN_STRICT_PROTOTYPES = YES;
				CLANG_WARN_SUSPICIOUS_MOVE = YES;
				CLANG_WARN_UNGUARDED_AVAILABILITY = YES_AGGRESSIVE;
				CLANG_WARN_UNREACHABLE_CODE = YES;
				CLANG_WARN__DUPLICATE_METHOD_MATCH = YES;
				COPY_PHASE_STRIP = NO;
				DEBUG_INFORMATION_FORMAT = "dwarf-with-dsym";
				ENABLE_NS_ASSERTIONS = NO;
				ENABLE_STRICT_OBJC_MSGSEND = YES;
				GCC_C_LANGUAGE_STANDARD = gnu11;
				GCC_NO_COMMON_BLOCKS = YES;
				GCC_WARN_64_TO_32_BIT_CONVERSION = YES;
				GCC_WARN_ABOUT_RETURN_TYPE = YES_ERROR;
				GCC_WARN_UNDECLARED_SELECTOR = YES;
				GCC_WARN_UNINITIALIZED_AUTOS = YES_AGGRESSIVE;
				GCC_WARN_UNUSED_FUNCTION = YES;
				GCC_WARN_UNUSED_VARIABLE = YES;
				IPHONEOS_DEPLOYMENT_TARGET = 13.2;
				MTL_ENABLE_DEBUG_INFO = NO;
				MTL_FAST_MATH = YES;
				SDKROOT = iphoneos;
				SWIFT_COMPILATION_MODE = wholemodule;
				SWIFT_OPTIMIZATION_LEVEL = "-O";
				VALIDATE_PRODUCT = YES;
			};
			name = Release;
		};
		222DEEC9238FE3AF00CFCC75 /* Debug */ = {
			isa = XCBuildConfiguration;
			buildSettings = {
				ASSETCATALOG_COMPILER_APPICON_NAME = AppIcon;
				CODE_SIGN_STYLE = Automatic;
				INFOPLIST_FILE = Pong/Info.plist;
				LD_RUNPATH_SEARCH_PATHS = (
					"$(inherited)",
					"@executable_path/Frameworks",
				);
				PRODUCT_BUNDLE_IDENTIFIER = Reverb.Pong;
				PRODUCT_NAME = "$(TARGET_NAME)";
				SWIFT_VERSION = 5.0;
				TARGETED_DEVICE_FAMILY = "1,2";
			};
			name = Debug;
		};
		222DEECA238FE3AF00CFCC75 /* Release */ = {
			isa = XCBuildConfiguration;
			buildSettings = {
				ASSETCATALOG_COMPILER_APPICON_NAME = AppIcon;
				CODE_SIGN_STYLE = Automatic;
				INFOPLIST_FILE = Pong/Info.plist;
				LD_RUNPATH_SEARCH_PATHS = (
					"$(inherited)",
					"@executable_path/Frameworks",
				);
				PRODUCT_BUNDLE_IDENTIFIER = Reverb.Pong;
				PRODUCT_NAME = "$(TARGET_NAME)";
				SWIFT_VERSION = 5.0;
				TARGETED_DEVICE_FAMILY = "1,2";
			};
			name = Release;
		};
/* End XCBuildConfiguration section */

/* Begin XCConfigurationList section */
		222DEEAB238FE3AC00CFCC75 /* Build configuration list for PBXProject "Pong" */ = {
			isa = XCConfigurationList;
			buildConfigurations = (
				222DEEC6238FE3AF00CFCC75 /* Debug */,
				222DEEC7238FE3AF00CFCC75 /* Release */,
			);
			defaultConfigurationIsVisible = 0;
			defaultConfigurationName = Release;
		};
		222DEEC8238FE3AF00CFCC75 /* Build configuration list for PBXNativeTarget "Pong" */ = {
			isa = XCConfigurationList;
			buildConfigurations = (
				222DEEC9238FE3AF00CFCC75 /* Debug */,
				222DEECA238FE3AF00CFCC75 /* Release */,
			);
			defaultConfigurationIsVisible = 0;
			defaultConfigurationName = Release;
		};
/* End XCConfigurationList section */
	};
	rootObject = 222DEEA8238FE3AC00CFCC75 /* Project object */;
}
